{
  "name": "ajs_2",
  "version": "1.0.0",
  "lockfileVersion": 3,
  "requires": true,
  "packages": {
    "": {
      "name": "ajs_2",
      "version": "1.0.0",
      "license": "ISC",
      "dependencies": {
        "@mosius27/ajs": "^1.0.0"
      }
    },
    "node_modules/@mosius27/ajs": {
      "version": "1.0.0",
      "resolved": "https://npm.pkg.github.com/download/@mosius27/ajs/1.0.0/e982b81587eb4f03f0c46c26c65ebda9a735b7e9",
      "integrity": "sha512-pi5w6wRlte90xwUK5t9Y7gYIow5iuXMWM12lTsYz3qef1CrNZbS8oAstCEPmUzw/nLkDAv1qg1Wi/N6ZkqCyHQ==",
      "license": "ISC"
    }
  }
}
